
Microsoft Visual Studio Solution File, Format Version 12.00
# Visual Studio 15
VisualStudioVersion = 15.0.27130.2027
MinimumVisualStudioVersion = 10.0.40219.1
Project("{9A19103F-16F7-4668-BE54-9A1E7A4F7556}") = "DotNetCore.ConsoleApp2", "DotNetCore.ConsoleApp2\DotNetCore.ConsoleApp2.csproj", "{67A39272-466E-48F7-90C9-8468EF93394C}"
EndProject
Project("{9A19103F-16F7-4668-BE54-9A1E7A4F7556}") = "DotNetCore.WebAPI", "DotNetCore.WebApi\DotNetCore.WebAPI.csproj", "{5DAB65FB-470F-4EBB-9AF2-804B400F3EF1}"
EndProject
Project("{9A19103F-16F7-4668-BE54-9A1E7A4F7556}") = "DotNetCore.WebApp", "DotNetCore.WebApp\DotNetCore.WebApp.csproj", "{BFA8898A-3970-40E4-84B5-C69DA1225755}"
EndProject
Project("{FAE04EC0-301F-11D3-BF4B-00C04F79EFBC}") = "DotNetCore.BusinessServices", "DotNetCore.BusinessServices\DotNetCore.BusinessServices.csproj", "{CCEB154E-2874-453B-B72A-B398E857A8D7}"
EndProject
Project("{FAE04EC0-301F-11D3-BF4B-00C04F79EFBC}") = "DotNetCore.Models", "DotNetCore.Models\DotNetCore.Models.csproj", "{3252CFFC-150A-4A93-ABDB-8873461CBA95}"
EndProject
Project("{FAE04EC0-301F-11D3-BF4B-00C04F79EFBC}") = "DotNetCore.DataAccess", "DotNetCore.DataAccess\DotNetCore.DataAccess.csproj", "{C5B0220C-9559-4FBB-952E-979C8A5F44AB}"
EndProject
Global
	GlobalSection(SolutionConfigurationPlatforms) = preSolution
		Debug|Any CPU = Debug|Any CPU
		Release|Any CPU = Release|Any CPU
	EndGlobalSection
	GlobalSection(ProjectConfigurationPlatforms) = postSolution
		{67A39272-466E-48F7-90C9-8468EF93394C}.Debug|Any CPU.ActiveCfg = Debug|Any CPU
		{67A39272-466E-48F7-90C9-8468EF93394C}.Debug|Any CPU.Build.0 = Debug|Any CPU
		{67A39272-466E-48F7-90C9-8468EF93394C}.Release|Any CPU.ActiveCfg = Release|Any CPU
		{67A39272-466E-48F7-90C9-8468EF93394C}.Release|Any CPU.Build.0 = Release|Any CPU
		{5DAB65FB-470F-4EBB-9AF2-804B400F3EF1}.Debug|Any CPU.ActiveCfg = Debug|Any CPU
		{5DAB65FB-470F-4EBB-9AF2-804B400F3EF1}.Debug|Any CPU.Build.0 = Debug|Any CPU
		{5DAB65FB-470F-4EBB-9AF2-804B400F3EF1}.Release|Any CPU.ActiveCfg = Release|Any CPU
		{5DAB65FB-470F-4EBB-9AF2-804B400F3EF1}.Release|Any CPU.Build.0 = Release|Any CPU
		{BFA8898A-3970-40E4-84B5-C69DA1225755}.Debug|Any CPU.ActiveCfg = Debug|Any CPU
		{BFA8898A-3970-40E4-84B5-C69DA1225755}.Debug|Any CPU.Build.0 = Debug|Any CPU
		{BFA8898A-3970-40E4-84B5-C69DA1225755}.Release|Any CPU.ActiveCfg = Release|Any CPU
		{BFA8898A-3970-40E4-84B5-C69DA1225755}.Release|Any CPU.Build.0 = Release|Any CPU
		{CCEB154E-2874-453B-B72A-B398E857A8D7}.Debug|Any CPU.ActiveCfg = Debug|Any CPU
		{CCEB154E-2874-453B-B72A-B398E857A8D7}.Debug|Any CPU.Build.0 = Debug|Any CPU
		{CCEB154E-2874-453B-B72A-B398E857A8D7}.Release|Any CPU.ActiveCfg = Release|Any CPU
		{CCEB154E-2874-453B-B72A-B398E857A8D7}.Release|Any CPU.Build.0 = Release|Any CPU
		{3252CFFC-150A-4A93-ABDB-8873461CBA95}.Debug|Any CPU.ActiveCfg = Debug|Any CPU
		{3252CFFC-150A-4A93-ABDB-8873461CBA95}.Debug|Any CPU.Build.0 = Debug|Any CPU
		{3252CFFC-150A-4A93-ABDB-8873461CBA95}.Release|Any CPU.ActiveCfg = Release|Any CPU
		{3252CFFC-150A-4A93-ABDB-8873461CBA95}.Release|Any CPU.Build.0 = Release|Any CPU
		{C5B0220C-9559-4FBB-952E-979C8A5F44AB}.Debug|Any CPU.ActiveCfg = Debug|Any CPU
		{C5B0220C-9559-4FBB-952E-979C8A5F44AB}.Debug|Any CPU.Build.0 = Debug|Any CPU
		{C5B0220C-9559-4FBB-952E-979C8A5F44AB}.Release|Any CPU.ActiveCfg = Release|Any CPU
		{C5B0220C-9559-4FBB-952E-979C8A5F44AB}.Release|Any CPU.Build.0 = Release|Any CPU
	EndGlobalSection
	GlobalSection(SolutionProperties) = preSolution
		HideSolutionNode = FALSE
	EndGlobalSection
	GlobalSection(ExtensibilityGlobals) = postSolution
		SolutionGuid = {E93836AA-C604-442C-A30B-9336B6EE9958}
	EndGlobalSection
EndGlobal
